// !$*UTF8*$!
{
	archiveVersion = 1;
	classes = {
	};
	objectVersion = 56;
	objects = {

/* Begin PBXBuildFile section */
		6503B1ED2B2BFA210068017D /* TransactionCardView.swift in Sources */ = {isa = PBXBuildFile; fileRef = 6503B1EC2B2BFA210068017D /* TransactionCardView.swift */; };
		6533EA3C2B27EB78009CBC5F /* View+.swift in Sources */ = {isa = PBXBuildFile; fileRef = 6533EA3B2B27EB78009CBC5F /* View+.swift */; };
		6540D4BE2B31693800169ED5 /* DateFilterView.swift in Sources */ = {isa = PBXBuildFile; fileRef = 6540D4BD2B31693800169ED5 /* DateFilterView.swift */; };
		6540D4C02B32BE7000169ED5 /* LockView.swift in Sources */ = {isa = PBXBuildFile; fileRef = 6540D4BF2B32BE7000169ED5 /* LockView.swift */; };
		65555CC62B28025B0021BE8E /* ExpenseTrackerApp.swift in Sources */ = {isa = PBXBuildFile; fileRef = 65555CC52B28025B0021BE8E /* ExpenseTrackerApp.swift */; };
		65555CC82B28025B0021BE8E /* ContentView.swift in Sources */ = {isa = PBXBuildFile; fileRef = 65555CC72B28025B0021BE8E /* ContentView.swift */; };
		65555CCA2B28025C0021BE8E /* Assets.xcassets in Resources */ = {isa = PBXBuildFile; fileRef = 65555CC92B28025C0021BE8E /* Assets.xcassets */; };
		65555CCD2B28025C0021BE8E /* Preview Assets.xcassets in Resources */ = {isa = PBXBuildFile; fileRef = 65555CCC2B28025C0021BE8E /* Preview Assets.xcassets */; };
		65555CD72B28025C0021BE8E /* IntroScreen.swift in Sources */ = {isa = PBXBuildFile; fileRef = 65555CD62B28025C0021BE8E /* IntroScreen.swift */; };
		65555CDA2B28025C0021BE8E /* Constants.swift in Sources */ = {isa = PBXBuildFile; fileRef = 65555CD92B28025C0021BE8E /* Constants.swift */; };
		65555CDC2B28025C0021BE8E /* Tab.swift in Sources */ = {isa = PBXBuildFile; fileRef = 65555CDB2B28025C0021BE8E /* Tab.swift */; };
		65555CDE2B28025C0021BE8E /* Category.swift in Sources */ = {isa = PBXBuildFile; fileRef = 65555CDD2B28025C0021BE8E /* Category.swift */; };
		65555CE02B28025C0021BE8E /* Transaction.swift in Sources */ = {isa = PBXBuildFile; fileRef = 65555CDF2B28025C0021BE8E /* Transaction.swift */; };
		65555CE22B28025C0021BE8E /* Tintcolor.swift in Sources */ = {isa = PBXBuildFile; fileRef = 65555CE12B28025C0021BE8E /* Tintcolor.swift */; };
		65555CE52B28025C0021BE8E /* Recents.swift in Sources */ = {isa = PBXBuildFile; fileRef = 65555CE42B28025C0021BE8E /* Recents.swift */; };
		65555CE72B28025C0021BE8E /* Search.swift in Sources */ = {isa = PBXBuildFile; fileRef = 65555CE62B28025C0021BE8E /* Search.swift */; };
		65555CE92B28025C0021BE8E /* Graphs.swift in Sources */ = {isa = PBXBuildFile; fileRef = 65555CE82B28025C0021BE8E /* Graphs.swift */; };
		65555CEB2B28025C0021BE8E /* Settings.swift in Sources */ = {isa = PBXBuildFile; fileRef = 65555CEA2B28025C0021BE8E /* Settings.swift */; };
		6565476A2B29451D004E6DD0 /* Date+.swift in Sources */ = {isa = PBXBuildFile; fileRef = 656547692B29451D004E6DD0 /* Date+.swift */; };
		6565476D2B297B6E004E6DD0 /* CardView.swift in Sources */ = {isa = PBXBuildFile; fileRef = 6565476C2B297B6E004E6DD0 /* CardView.swift */; };
		656C83EB2B3E84B300A49241 /* FilterTransactionsView.swift in Sources */ = {isa = PBXBuildFile; fileRef = 656C83EA2B3E84B300A49241 /* FilterTransactionsView.swift */; };
		65812AB42B2EC1A200E90CB9 /* SwipeAction.swift in Sources */ = {isa = PBXBuildFile; fileRef = 65812AB32B2EC1A200E90CB9 /* SwipeAction.swift */; };
		65812AB62B2FDFD900E90CB9 /* SwipeDirection.swift in Sources */ = {isa = PBXBuildFile; fileRef = 65812AB52B2FDFD900E90CB9 /* SwipeDirection.swift */; };
		65812AB82B2FDFE900E90CB9 /* Action.swift in Sources */ = {isa = PBXBuildFile; fileRef = 65812AB72B2FDFE900E90CB9 /* Action.swift */; };
		65812ABA2B3026B600E90CB9 /* CustomTransition.swift in Sources */ = {isa = PBXBuildFile; fileRef = 65812AB92B3026B600E90CB9 /* CustomTransition.swift */; };
		65812ABC2B30274C00E90CB9 /* OffsetKey.swift in Sources */ = {isa = PBXBuildFile; fileRef = 65812ABB2B30274C00E90CB9 /* OffsetKey.swift */; };
		65FE081B2B37F8C000039219 /* TransactionView.swift in Sources */ = {isa = PBXBuildFile; fileRef = 65FE081A2B37F8C000039219 /* TransactionView.swift */; };
/* End PBXBuildFile section */

/* Begin PBXFileReference section */
		6503B1EC2B2BFA210068017D /* TransactionCardView.swift */ = {isa = PBXFileReference; lastKnownFileType = sourcecode.swift; path = TransactionCardView.swift; sourceTree = "<group>"; };
		6533EA3B2B27EB78009CBC5F /* View+.swift */ = {isa = PBXFileReference; lastKnownFileType = sourcecode.swift; path = "View+.swift"; sourceTree = "<group>"; };
		6540D4BD2B31693800169ED5 /* DateFilterView.swift */ = {isa = PBXFileReference; lastKnownFileType = sourcecode.swift; path = DateFilterView.swift; sourceTree = "<group>"; };
		6540D4BF2B32BE7000169ED5 /* LockView.swift */ = {isa = PBXFileReference; lastKnownFileType = sourcecode.swift; path = LockView.swift; sourceTree = "<group>"; };
		65555CC22B28025B0021BE8E /* ExpenseTracker.app */ = {isa = PBXFileReference; explicitFileType = wrapper.application; includeInIndex = 0; path = ExpenseTracker.app; sourceTree = BUILT_PRODUCTS_DIR; };
		65555CC52B28025B0021BE8E /* ExpenseTrackerApp.swift */ = {isa = PBXFileReference; lastKnownFileType = sourcecode.swift; path = ExpenseTrackerApp.swift; sourceTree = "<group>"; };
		65555CC72B28025B0021BE8E /* ContentView.swift */ = {isa = PBXFileReference; lastKnownFileType = sourcecode.swift; path = ContentView.swift; sourceTree = "<group>"; };
		65555CC92B28025C0021BE8E /* Assets.xcassets */ = {isa = PBXFileReference; lastKnownFileType = folder.assetcatalog; path = Assets.xcassets; sourceTree = "<group>"; };
		65555CCC2B28025C0021BE8E /* Preview Assets.xcassets */ = {isa = PBXFileReference; lastKnownFileType = folder.assetcatalog; path = "Preview Assets.xcassets"; sourceTree = "<group>"; };
		65555CD62B28025C0021BE8E /* IntroScreen.swift */ = {isa = PBXFileReference; lastKnownFileType = sourcecode.swift; path = IntroScreen.swift; sourceTree = "<group>"; };
		65555CD92B28025C0021BE8E /* Constants.swift */ = {isa = PBXFileReference; lastKnownFileType = sourcecode.swift; path = Constants.swift; sourceTree = "<group>"; };
		65555CDB2B28025C0021BE8E /* Tab.swift */ = {isa = PBXFileReference; lastKnownFileType = sourcecode.swift; path = Tab.swift; sourceTree = "<group>"; };
		65555CDD2B28025C0021BE8E /* Category.swift */ = {isa = PBXFileReference; lastKnownFileType = sourcecode.swift; path = Category.swift; sourceTree = "<group>"; };
		65555CDF2B28025C0021BE8E /* Transaction.swift */ = {isa = PBXFileReference; lastKnownFileType = sourcecode.swift; path = Transaction.swift; sourceTree = "<group>"; };
		65555CE12B28025C0021BE8E /* Tintcolor.swift */ = {isa = PBXFileReference; lastKnownFileType = sourcecode.swift; path = Tintcolor.swift; sourceTree = "<group>"; };
		65555CE42B28025C0021BE8E /* Recents.swift */ = {isa = PBXFileReference; lastKnownFileType = sourcecode.swift; path = Recents.swift; sourceTree = "<group>"; };
		65555CE62B28025C0021BE8E /* Search.swift */ = {isa = PBXFileReference; lastKnownFileType = sourcecode.swift; path = Search.swift; sourceTree = "<group>"; };
		65555CE82B28025C0021BE8E /* Graphs.swift */ = {isa = PBXFileReference; lastKnownFileType = sourcecode.swift; path = Graphs.swift; sourceTree = "<group>"; };
		65555CEA2B28025C0021BE8E /* Settings.swift */ = {isa = PBXFileReference; lastKnownFileType = sourcecode.swift; path = Settings.swift; sourceTree = "<group>"; };
		656547692B29451D004E6DD0 /* Date+.swift */ = {isa = PBXFileReference; lastKnownFileType = sourcecode.swift; path = "Date+.swift"; sourceTree = "<group>"; };
		6565476C2B297B6E004E6DD0 /* CardView.swift */ = {isa = PBXFileReference; lastKnownFileType = sourcecode.swift; path = CardView.swift; sourceTree = "<group>"; };
		656C83EA2B3E84B300A49241 /* FilterTransactionsView.swift */ = {isa = PBXFileReference; lastKnownFileType = sourcecode.swift; path = FilterTransactionsView.swift; sourceTree = "<group>"; };
		65812AB32B2EC1A200E90CB9 /* SwipeAction.swift */ = {isa = PBXFileReference; lastKnownFileType = sourcecode.swift; path = SwipeAction.swift; sourceTree = "<group>"; };
		65812AB52B2FDFD900E90CB9 /* SwipeDirection.swift */ = {isa = PBXFileReference; lastKnownFileType = sourcecode.swift; path = SwipeDirection.swift; sourceTree = "<group>"; };
		65812AB72B2FDFE900E90CB9 /* Action.swift */ = {isa = PBXFileReference; lastKnownFileType = sourcecode.swift; path = Action.swift; sourceTree = "<group>"; };
		65812AB92B3026B600E90CB9 /* CustomTransition.swift */ = {isa = PBXFileReference; lastKnownFileType = sourcecode.swift; path = CustomTransition.swift; sourceTree = "<group>"; };
		65812ABB2B30274C00E90CB9 /* OffsetKey.swift */ = {isa = PBXFileReference; lastKnownFileType = sourcecode.swift; path = OffsetKey.swift; sourceTree = "<group>"; };
		65FE081A2B37F8C000039219 /* TransactionView.swift */ = {isa = PBXFileReference; lastKnownFileType = sourcecode.swift; path = TransactionView.swift; sourceTree = "<group>"; };
/* End PBXFileReference section */

/* Begin PBXFrameworksBuildPhase section */
		65555CBF2B28025B0021BE8E /* Frameworks */ = {
			isa = PBXFrameworksBuildPhase;
			buildActionMask = 2147483647;
			files = (
			);
			runOnlyForDeploymentPostprocessing = 0;
		};
/* End PBXFrameworksBuildPhase section */

/* Begin PBXGroup section */
		65555CB92B28025B0021BE8E = {
			isa = PBXGroup;
			children = (
				65555CC42B28025B0021BE8E /* ExpenseTracker */,
				65555CC32B28025B0021BE8E /* Products */,
			);
			sourceTree = "<group>";
		};
		65555CC32B28025B0021BE8E /* Products */ = {
			isa = PBXGroup;
			children = (
				65555CC22B28025B0021BE8E /* ExpenseTracker.app */,
			);
			name = Products;
			sourceTree = "<group>";
		};
		65555CC42B28025B0021BE8E /* ExpenseTracker */ = {
			isa = PBXGroup;
			children = (
				65555CD82B28025C0021BE8E /* Helpers */,
				65555CD32B28025C0021BE8E /* Model */,
				65555CD52B28025C0021BE8E /* View */,
				65555CC52B28025B0021BE8E /* ExpenseTrackerApp.swift */,
				65555CC72B28025B0021BE8E /* ContentView.swift */,
				65555CC92B28025C0021BE8E /* Assets.xcassets */,
				65555CCB2B28025C0021BE8E /* Preview Content */,
			);
			path = ExpenseTracker;
			sourceTree = "<group>";
		};
		65555CCB2B28025C0021BE8E /* Preview Content */ = {
			isa = PBXGroup;
			children = (
				65555CCC2B28025C0021BE8E /* Preview Assets.xcassets */,
			);
			path = "Preview Content";
			sourceTree = "<group>";
		};
		65555CD32B28025C0021BE8E /* Model */ = {
			isa = PBXGroup;
			children = (
				65555CDB2B28025C0021BE8E /* Tab.swift */,
				65555CDD2B28025C0021BE8E /* Category.swift */,
				65555CDF2B28025C0021BE8E /* Transaction.swift */,
				65555CE12B28025C0021BE8E /* Tintcolor.swift */,
				65812AB52B2FDFD900E90CB9 /* SwipeDirection.swift */,
			);
			path = Model;
			sourceTree = "<group>";
		};
		65555CD52B28025C0021BE8E /* View */ = {
			isa = PBXGroup;
			children = (
				6565476B2B297B66004E6DD0 /* Helpers */,
				65555CE32B28025C0021BE8E /* TabViews */,
				65555CD62B28025C0021BE8E /* IntroScreen.swift */,
				65FE081A2B37F8C000039219 /* TransactionView.swift */,
			);
			path = View;
			sourceTree = "<group>";
		};
		65555CD82B28025C0021BE8E /* Helpers */ = {
			isa = PBXGroup;
			children = (
				65555CD92B28025C0021BE8E /* Constants.swift */,
				656547692B29451D004E6DD0 /* Date+.swift */,
				6533EA3B2B27EB78009CBC5F /* View+.swift */,
			);
			path = Helpers;
			sourceTree = "<group>";
		};
		65555CE32B28025C0021BE8E /* TabViews */ = {
			isa = PBXGroup;
			children = (
				65555CE42B28025C0021BE8E /* Recents.swift */,
				65555CE62B28025C0021BE8E /* Search.swift */,
				65555CE82B28025C0021BE8E /* Graphs.swift */,
				65555CEA2B28025C0021BE8E /* Settings.swift */,
			);
			path = TabViews;
			sourceTree = "<group>";
		};
		6565476B2B297B66004E6DD0 /* Helpers */ = {
			isa = PBXGroup;
			children = (
				65812AB72B2FDFE900E90CB9 /* Action.swift */,
				6565476C2B297B6E004E6DD0 /* CardView.swift */,
				65812AB92B3026B600E90CB9 /* CustomTransition.swift */,
				6540D4BD2B31693800169ED5 /* DateFilterView.swift */,
				6540D4BF2B32BE7000169ED5 /* LockView.swift */,
				65812ABB2B30274C00E90CB9 /* OffsetKey.swift */,
				65812AB32B2EC1A200E90CB9 /* SwipeAction.swift */,
				6503B1EC2B2BFA210068017D /* TransactionCardView.swift */,
				656C83EA2B3E84B300A49241 /* FilterTransactionsView.swift */,
			);
			path = Helpers;
			sourceTree = "<group>";
		};
/* End PBXGroup section */

/* Begin PBXNativeTarget section */
		65555CC12B28025B0021BE8E /* ExpenseTracker */ = {
			isa = PBXNativeTarget;
			buildConfigurationList = 65555CD02B28025C0021BE8E /* Build configuration list for PBXNativeTarget "ExpenseTracker" */;
			buildPhases = (
				65555CBE2B28025B0021BE8E /* Sources */,
				65555CBF2B28025B0021BE8E /* Frameworks */,
				65555CC02B28025B0021BE8E /* Resources */,
			);
			buildRules = (
			);
			dependencies = (
			);
			name = ExpenseTracker;
			productName = ExpenseTracker;
			productReference = 65555CC22B28025B0021BE8E /* ExpenseTracker.app */;
			productType = "com.apple.product-type.application";
		};
/* End PBXNativeTarget section */

/* Begin PBXProject section */
		65555CBA2B28025B0021BE8E /* Project object */ = {
			isa = PBXProject;
			attributes = {
				BuildIndependentTargetsInParallel = 1;
				LastSwiftUpdateCheck = 1500;
				LastUpgradeCheck = 1500;
				TargetAttributes = {
					65555CC12B28025B0021BE8E = {
						CreatedOnToolsVersion = 15.0.1;
					};
				};
			};
			buildConfigurationList = 65555CBD2B28025B0021BE8E /* Build configuration list for PBXProject "ExpenseTracker" */;
			compatibilityVersion = "Xcode 14.0";
			developmentRegion = en;
			hasScannedForEncodings = 0;
			knownRegions = (
				en,
				Base,
			);
			mainGroup = 65555CB92B28025B0021BE8E;
			productRefGroup = 65555CC32B28025B0021BE8E /* Products */;
			projectDirPath = "";
			projectRoot = "";
			targets = (
				65555CC12B28025B0021BE8E /* ExpenseTracker */,
			);
		};
/* End PBXProject section */

/* Begin PBXResourcesBuildPhase section */
		65555CC02B28025B0021BE8E /* Resources */ = {
			isa = PBXResourcesBuildPhase;
			buildActionMask = 2147483647;
			files = (
				65555CCD2B28025C0021BE8E /* Preview Assets.xcassets in Resources */,
				65555CCA2B28025C0021BE8E /* Assets.xcassets in Resources */,
			);
			runOnlyForDeploymentPostprocessing = 0;
		};
/* End PBXResourcesBuildPhase section */

/* Begin PBXSourcesBuildPhase section */
		65555CBE2B28025B0021BE8E /* Sources */ = {
			isa = PBXSourcesBuildPhase;
			buildActionMask = 2147483647;
			files = (
				65555CE22B28025C0021BE8E /* Tintcolor.swift in Sources */,
				65812AB82B2FDFE900E90CB9 /* Action.swift in Sources */,
				6533EA3C2B27EB78009CBC5F /* View+.swift in Sources */,
				65812ABC2B30274C00E90CB9 /* OffsetKey.swift in Sources */,
				656C83EB2B3E84B300A49241 /* FilterTransactionsView.swift in Sources */,
				65555CE52B28025C0021BE8E /* Recents.swift in Sources */,
				65555CE02B28025C0021BE8E /* Transaction.swift in Sources */,
				6565476D2B297B6E004E6DD0 /* CardView.swift in Sources */,
				65812AB42B2EC1A200E90CB9 /* SwipeAction.swift in Sources */,
				65812ABA2B3026B600E90CB9 /* CustomTransition.swift in Sources */,
				65812AB62B2FDFD900E90CB9 /* SwipeDirection.swift in Sources */,
				65555CC82B28025B0021BE8E /* ContentView.swift in Sources */,
				65555CD72B28025C0021BE8E /* IntroScreen.swift in Sources */,
				65555CDC2B28025C0021BE8E /* Tab.swift in Sources */,
				6565476A2B29451D004E6DD0 /* Date+.swift in Sources */,
				65555CEB2B28025C0021BE8E /* Settings.swift in Sources */,
				65555CC62B28025B0021BE8E /* ExpenseTrackerApp.swift in Sources */,
				65555CE72B28025C0021BE8E /* Search.swift in Sources */,
				65555CDA2B28025C0021BE8E /* Constants.swift in Sources */,
				65555CE92B28025C0021BE8E /* Graphs.swift in Sources */,
				65555CDE2B28025C0021BE8E /* Category.swift in Sources */,
				65FE081B2B37F8C000039219 /* TransactionView.swift in Sources */,
				6540D4BE2B31693800169ED5 /* DateFilterView.swift in Sources */,
				6503B1ED2B2BFA210068017D /* TransactionCardView.swift in Sources */,
				6540D4C02B32BE7000169ED5 /* LockView.swift in Sources */,
			);
			runOnlyForDeploymentPostprocessing = 0;
		};
/* End PBXSourcesBuildPhase section */

/* Begin XCBuildConfiguration section */
		65555CCE2B28025C0021BE8E /* Debug */ = {
			isa = XCBuildConfiguration;
			buildSettings = {
				ALWAYS_SEARCH_USER_PATHS = NO;
				ASSETCATALOG_COMPILER_GENERATE_SWIFT_ASSET_SYMBOL_EXTENSIONS = YES;
				CLANG_ANALYZER_NONNULL = YES;
				CLANG_ANALYZER_NUMBER_OBJECT_CONVERSION = YES_AGGRESSIVE;
				CLANG_CXX_LANGUAGE_STANDARD = "gnu++20";
				CLANG_ENABLE_MODULES = YES;
				CLANG_ENABLE_OBJC_ARC = YES;
				CLANG_ENABLE_OBJC_WEAK = YES;
				CLANG_WARN_BLOCK_CAPTURE_AUTORELEASING = YES;
				CLANG_WARN_BOOL_CONVERSION = YES;
				CLANG_WARN_COMMA = YES;
				CLANG_WARN_CONSTANT_CONVERSION = YES;
				CLANG_WARN_DEPRECATED_OBJC_IMPLEMENTATIONS = YES;
				CLANG_WARN_DIRECT_OBJC_ISA_USAGE = YES_ERROR;
				CLANG_WARN_DOCUMENTATION_COMMENTS = YES;
				CLANG_WARN_EMPTY_BODY = YES;
				CLANG_WARN_ENUM_CONVERSION = YES;
				CLANG_WARN_INFINITE_RECURSION = YES;
				CLANG_WARN_INT_CONVERSION = YES;
				CLANG_WARN_NON_LITERAL_NULL_CONVERSION = YES;
				CLANG_WARN_OBJC_IMPLICIT_RETAIN_SELF = YES;
				CLANG_WARN_OBJC_LITERAL_CONVERSION = YES;
				CLANG_WARN_OBJC_ROOT_CLASS = YES_ERROR;
				CLANG_WARN_QUOTED_INCLUDE_IN_FRAMEWORK_HEADER = YES;
				CLANG_WARN_RANGE_LOOP_ANALYSIS = YES;
				CLANG_WARN_STRICT_PROTOTYPES = YES;
				CLANG_WARN_SUSPICIOUS_MOVE = YES;
				CLANG_WARN_UNGUARDED_AVAILABILITY = YES_AGGRESSIVE;
				CLANG_WARN_UNREACHABLE_CODE = YES;
				CLANG_WARN__DUPLICATE_METHOD_MATCH = YES;
				COPY_PHASE_STRIP = NO;
				DEBUG_INFORMATION_FORMAT = dwarf;
				ENABLE_STRICT_OBJC_MSGSEND = YES;
				ENABLE_TESTABILITY = YES;
				ENABLE_USER_SCRIPT_SANDBOXING = YES;
				GCC_C_LANGUAGE_STANDARD = gnu17;
				GCC_DYNAMIC_NO_PIC = NO;
				GCC_NO_COMMON_BLOCKS = YES;
				GCC_OPTIMIZATION_LEVEL = 0;
				GCC_PREPROCESSOR_DEFINITIONS = (
					"DEBUG=1",
					"$(inherited)",
				);
				GCC_WARN_64_TO_32_BIT_CONVERSION = YES;
				GCC_WARN_ABOUT_RETURN_TYPE = YES_ERROR;
				GCC_WARN_UNDECLARED_SELECTOR = YES;
				GCC_WARN_UNINITIALIZED_AUTOS = YES_AGGRESSIVE;
				GCC_WARN_UNUSED_FUNCTION = YES;
				GCC_WARN_UNUSED_VARIABLE = YES;
				IPHONEOS_DEPLOYMENT_TARGET = 17.0;
				LOCALIZATION_PREFERS_STRING_CATALOGS = YES;
				MTL_ENABLE_DEBUG_INFO = INCLUDE_SOURCE;
				MTL_FAST_MATH = YES;
				ONLY_ACTIVE_ARCH = YES;
				SDKROOT = iphoneos;
				SWIFT_ACTIVE_COMPILATION_CONDITIONS = "DEBUG $(inherited)";
				SWIFT_OPTIMIZATION_LEVEL = "-Onone";
			};
			name = Debug;
		};
		65555CCF2B28025C0021BE8E /* Release */ = {
			isa = XCBuildConfiguration;
			buildSettings = {
				ALWAYS_SEARCH_USER_PATHS = NO;
				ASSETCATALOG_COMPILER_GENERATE_SWIFT_ASSET_SYMBOL_EXTENSIONS = YES;
				CLANG_ANALYZER_NONNULL = YES;
				CLANG_ANALYZER_NUMBER_OBJECT_CONVERSION = YES_AGGRESSIVE;
				CLANG_CXX_LANGUAGE_STANDARD = "gnu++20";
				CLANG_ENABLE_MODULES = YES;
				CLANG_ENABLE_OBJC_ARC = YES;
				CLANG_ENABLE_OBJC_WEAK = YES;
				CLANG_WARN_BLOCK_CAPTURE_AUTORELEASING = YES;
				CLANG_WARN_BOOL_CONVERSION = YES;
				CLANG_WARN_COMMA = YES;
				CLANG_WARN_CONSTANT_CONVERSION = YES;
				CLANG_WARN_DEPRECATED_OBJC_IMPLEMENTATIONS = YES;
				CLANG_WARN_DIRECT_OBJC_ISA_USAGE = YES_ERROR;
				CLANG_WARN_DOCUMENTATION_COMMENTS = YES;
				CLANG_WARN_EMPTY_BODY = YES;
				CLANG_WARN_ENUM_CONVERSION = YES;
				CLANG_WARN_INFINITE_RECURSION = YES;
				CLANG_WARN_INT_CONVERSION = YES;
				CLANG_WARN_NON_LITERAL_NULL_CONVERSION = YES;
				CLANG_WARN_OBJC_IMPLICIT_RETAIN_SELF = YES;
				CLANG_WARN_OBJC_LITERAL_CONVERSION = YES;
				CLANG_WARN_OBJC_ROOT_CLASS = YES_ERROR;
				CLANG_WARN_QUOTED_INCLUDE_IN_FRAMEWORK_HEADER = YES;
				CLANG_WARN_RANGE_LOOP_ANALYSIS = YES;
				CLANG_WARN_STRICT_PROTOTYPES = YES;
				CLANG_WARN_SUSPICIOUS_MOVE = YES;
				CLANG_WARN_UNGUARDED_AVAILABILITY = YES_AGGRESSIVE;
				CLANG_WARN_UNREACHABLE_CODE = YES;
				CLANG_WARN__DUPLICATE_METHOD_MATCH = YES;
				COPY_PHASE_STRIP = NO;
				DEBUG_INFORMATION_FORMAT = "dwarf-with-dsym";
				ENABLE_NS_ASSERTIONS = NO;
				ENABLE_STRICT_OBJC_MSGSEND = YES;
				ENABLE_USER_SCRIPT_SANDBOXING = YES;
				GCC_C_LANGUAGE_STANDARD = gnu17;
				GCC_NO_COMMON_BLOCKS = YES;
				GCC_WARN_64_TO_32_BIT_CONVERSION = YES;
				GCC_WARN_ABOUT_RETURN_TYPE = YES_ERROR;
				GCC_WARN_UNDECLARED_SELECTOR = YES;
				GCC_WARN_UNINITIALIZED_AUTOS = YES_AGGRESSIVE;
				GCC_WARN_UNUSED_FUNCTION = YES;
				GCC_WARN_UNUSED_VARIABLE = YES;
				IPHONEOS_DEPLOYMENT_TARGET = 17.0;
				LOCALIZATION_PREFERS_STRING_CATALOGS = YES;
				MTL_ENABLE_DEBUG_INFO = NO;
				MTL_FAST_MATH = YES;
				SDKROOT = iphoneos;
				SWIFT_COMPILATION_MODE = wholemodule;
				VALIDATE_PRODUCT = YES;
			};
			name = Release;
		};
		65555CD12B28025C0021BE8E /* Debug */ = {
			isa = XCBuildConfiguration;
			buildSettings = {
				ASSETCATALOG_COMPILER_APPICON_NAME = AppIcon;
				ASSETCATALOG_COMPILER_GLOBAL_ACCENT_COLOR_NAME = AccentColor;
				CODE_SIGN_STYLE = Automatic;
				CURRENT_PROJECT_VERSION = 1;
				DEVELOPMENT_ASSET_PATHS = "\"ExpenseTracker/Preview Content\"";
				DEVELOPMENT_TEAM = U7J6A6CHGG;
				ENABLE_PREVIEWS = YES;
				GENERATE_INFOPLIST_FILE = YES;
				INFOPLIST_KEY_NSFaceIDUsageDescription = "";
				INFOPLIST_KEY_UIApplicationSceneManifest_Generation = YES;
				INFOPLIST_KEY_UIApplicationSupportsIndirectInputEvents = YES;
				INFOPLIST_KEY_UILaunchScreen_Generation = YES;
				INFOPLIST_KEY_UISupportedInterfaceOrientations_iPad = "UIInterfaceOrientationPortrait UIInterfaceOrientationPortraitUpsideDown UIInterfaceOrientationLandscapeLeft UIInterfaceOrientationLandscapeRight";
				INFOPLIST_KEY_UISupportedInterfaceOrientations_iPhone = "UIInterfaceOrientationPortrait UIInterfaceOrientationLandscapeLeft UIInterfaceOrientationLandscapeRight";
				LD_RUNPATH_SEARCH_PATHS = (
					"$(inherited)",
					"@executable_path/Frameworks",
				);
				MARKETING_VERSION = 1.0;
				PRODUCT_BUNDLE_IDENTIFIER = derekkim.ExpenseTracker;
				PRODUCT_NAME = "$(TARGET_NAME)";
				SWIFT_EMIT_LOC_STRINGS = YES;
				SWIFT_VERSION = 5.0;
				TARGETED_DEVICE_FAMILY = "1,2";
			};
			name = Debug;
		};
		65555CD22B28025C0021BE8E /* Release */ = {
			isa = XCBuildConfiguration;
			buildSettings = {
				ASSETCATALOG_COMPILER_APPICON_NAME = AppIcon;
				ASSETCATALOG_COMPILER_GLOBAL_ACCENT_COLOR_NAME = AccentColor;
				CODE_SIGN_STYLE = Automatic;
				CURRENT_PROJECT_VERSION = 1;
				DEVELOPMENT_ASSET_PATHS = "\"ExpenseTracker/Preview Content\"";
				DEVELOPMENT_TEAM = U7J6A6CHGG;
				ENABLE_PREVIEWS = YES;
				GENERATE_INFOPLIST_FILE = YES;
				INFOPLIST_KEY_NSFaceIDUsageDescription = "";
				INFOPLIST_KEY_UIApplicationSceneManifest_Generation = YES;
				INFOPLIST_KEY_UIApplicationSupportsIndirectInputEvents = YES;
				INFOPLIST_KEY_UILaunchScreen_Generation = YES;
				INFOPLIST_KEY_UISupportedInterfaceOrientations_iPad = "UIInterfaceOrientationPortrait UIInterfaceOrientationPortraitUpsideDown UIInterfaceOrientationLandscapeLeft UIInterfaceOrientationLandscapeRight";
				INFOPLIST_KEY_UISupportedInterfaceOrientations_iPhone = "UIInterfaceOrientationPortrait UIInterfaceOrientationLandscapeLeft UIInterfaceOrientationLandscapeRight";
				LD_RUNPATH_SEARCH_PATHS = (
					"$(inherited)",
					"@executable_path/Frameworks",
				);
				MARKETING_VERSION = 1.0;
				PRODUCT_BUNDLE_IDENTIFIER = derekkim.ExpenseTracker;
				PRODUCT_NAME = "$(TARGET_NAME)";
				SWIFT_EMIT_LOC_STRINGS = YES;
				SWIFT_VERSION = 5.0;
				TARGETED_DEVICE_FAMILY = "1,2";
			};
			name = Release;
		};
/* End XCBuildConfiguration section */

/* Begin XCConfigurationList section */
		65555CBD2B28025B0021BE8E /* Build configuration list for PBXProject "ExpenseTracker" */ = {
			isa = XCConfigurationList;
			buildConfigurations = (
				65555CCE2B28025C0021BE8E /* Debug */,
				65555CCF2B28025C0021BE8E /* Release */,
			);
			defaultConfigurationIsVisible = 0;
			defaultConfigurationName = Release;
		};
		65555CD02B28025C0021BE8E /* Build configuration list for PBXNativeTarget "ExpenseTracker" */ = {
			isa = XCConfigurationList;
			buildConfigurations = (
				65555CD12B28025C0021BE8E /* Debug */,
				65555CD22B28025C0021BE8E /* Release */,
			);
			defaultConfigurationIsVisible = 0;
			defaultConfigurationName = Release;
		};
/* End XCConfigurationList section */
	};
	rootObject = 65555CBA2B28025B0021BE8E /* Project object */;
}
